
Microsoft Visual Studio Solution File, Format Version 12.00
# Visual Studio 15
VisualStudioVersion = 15.0.26430.6
MinimumVisualStudioVersion = 10.0.40219.1
Project("{2150E333-8FDC-42A3-9474-1A3956D46DE8}") = "src", "src", "{9600B177-AB00-4E9A-9B9A-126FA66C5DE2}"
EndProject
Project("{2150E333-8FDC-42A3-9474-1A3956D46DE8}") = "Solution Items", "Solution Items", "{10910C60-D406-479B-9EFD-9BDA449D6699}"
	ProjectSection(SolutionItems) = preProject
		BuildAll.ps1 = BuildAll.ps1
		CreateLocalPackages.ps1 = CreateLocalPackages.ps1
		PublishRemotePackages.ps1 = PublishRemotePackages.ps1
		README.md = README.md
		UpdateNuspecVersion.ps1 = UpdateNuspecVersion.ps1
	EndProjectSection
EndProject
Project("{FAE04EC0-301F-11D3-BF4B-00C04F79EFBC}") = "LagoVista.ISY994i.Core", "src\LagoVista.ISY994i.Core\LagoVista.ISY994i.Core.csproj", "{7868DE14-D3D3-4845-92D2-A5FDF24CBCBA}"
EndProject
Project("{FAE04EC0-301F-11D3-BF4B-00C04F79EFBC}") = "LagoVista.ISY994i.UI.UWP", "src\LagoVista.ISY994i.UI.UWP\LagoVista.ISY994i.UI.UWP.csproj", "{C1F70BA1-D393-405D-B1EE-6B5C59C31FBC}"
EndProject
Project("{FAE04EC0-301F-11D3-BF4B-00C04F79EFBC}") = "LagoVista.ISY994i.Sample.UWP", "src\LagoVista.ISY994i.Sample.UWP\LagoVista.ISY994i.Sample.UWP.csproj", "{A800D9DA-FCA6-4F4D-B00C-76EF451AEC93}"
EndProject
Project("{FAE04EC0-301F-11D3-BF4B-00C04F79EFBC}") = "LagoVista.SmartThings", "src\LagoVista.SmartThings\LagoVista.SmartThings.csproj", "{09CEA2B7-7F1D-4271-9B23-E60112E40206}"
EndProject
Global
	GlobalSection(SolutionConfigurationPlatforms) = preSolution
		Debug|Any CPU = Debug|Any CPU
		Debug|ARM = Debug|ARM
		Debug|x64 = Debug|x64
		Debug|x86 = Debug|x86
		Release|Any CPU = Release|Any CPU
		Release|ARM = Release|ARM
		Release|x64 = Release|x64
		Release|x86 = Release|x86
	EndGlobalSection
	GlobalSection(ProjectConfigurationPlatforms) = postSolution
		{7868DE14-D3D3-4845-92D2-A5FDF24CBCBA}.Debug|Any CPU.ActiveCfg = Debug|Any CPU
		{7868DE14-D3D3-4845-92D2-A5FDF24CBCBA}.Debug|Any CPU.Build.0 = Debug|Any CPU
		{7868DE14-D3D3-4845-92D2-A5FDF24CBCBA}.Debug|ARM.ActiveCfg = Debug|Any CPU
		{7868DE14-D3D3-4845-92D2-A5FDF24CBCBA}.Debug|ARM.Build.0 = Debug|Any CPU
		{7868DE14-D3D3-4845-92D2-A5FDF24CBCBA}.Debug|x64.ActiveCfg = Debug|Any CPU
		{7868DE14-D3D3-4845-92D2-A5FDF24CBCBA}.Debug|x64.Build.0 = Debug|Any CPU
		{7868DE14-D3D3-4845-92D2-A5FDF24CBCBA}.Debug|x86.ActiveCfg = Debug|Any CPU
		{7868DE14-D3D3-4845-92D2-A5FDF24CBCBA}.Debug|x86.Build.0 = Debug|Any CPU
		{7868DE14-D3D3-4845-92D2-A5FDF24CBCBA}.Release|Any CPU.ActiveCfg = Release|Any CPU
		{7868DE14-D3D3-4845-92D2-A5FDF24CBCBA}.Release|Any CPU.Build.0 = Release|Any CPU
		{7868DE14-D3D3-4845-92D2-A5FDF24CBCBA}.Release|ARM.ActiveCfg = Release|Any CPU
		{7868DE14-D3D3-4845-92D2-A5FDF24CBCBA}.Release|ARM.Build.0 = Release|Any CPU
		{7868DE14-D3D3-4845-92D2-A5FDF24CBCBA}.Release|x64.ActiveCfg = Release|Any CPU
		{7868DE14-D3D3-4845-92D2-A5FDF24CBCBA}.Release|x64.Build.0 = Release|Any CPU
		{7868DE14-D3D3-4845-92D2-A5FDF24CBCBA}.Release|x86.ActiveCfg = Release|Any CPU
		{7868DE14-D3D3-4845-92D2-A5FDF24CBCBA}.Release|x86.Build.0 = Release|Any CPU
		{C1F70BA1-D393-405D-B1EE-6B5C59C31FBC}.Debug|Any CPU.ActiveCfg = Debug|Any CPU
		{C1F70BA1-D393-405D-B1EE-6B5C59C31FBC}.Debug|Any CPU.Build.0 = Debug|Any CPU
		{C1F70BA1-D393-405D-B1EE-6B5C59C31FBC}.Debug|ARM.ActiveCfg = Debug|ARM
		{C1F70BA1-D393-405D-B1EE-6B5C59C31FBC}.Debug|ARM.Build.0 = Debug|ARM
		{C1F70BA1-D393-405D-B1EE-6B5C59C31FBC}.Debug|x64.ActiveCfg = Debug|x64
		{C1F70BA1-D393-405D-B1EE-6B5C59C31FBC}.Debug|x64.Build.0 = Debug|x64
		{C1F70BA1-D393-405D-B1EE-6B5C59C31FBC}.Debug|x86.ActiveCfg = Debug|x86
		{C1F70BA1-D393-405D-B1EE-6B5C59C31FBC}.Debug|x86.Build.0 = Debug|x86
		{C1F70BA1-D393-405D-B1EE-6B5C59C31FBC}.Release|Any CPU.ActiveCfg = Release|Any CPU
		{C1F70BA1-D393-405D-B1EE-6B5C59C31FBC}.Release|Any CPU.Build.0 = Release|Any CPU
		{C1F70BA1-D393-405D-B1EE-6B5C59C31FBC}.Release|ARM.ActiveCfg = Release|ARM
		{C1F70BA1-D393-405D-B1EE-6B5C59C31FBC}.Release|ARM.Build.0 = Release|ARM
		{C1F70BA1-D393-405D-B1EE-6B5C59C31FBC}.Release|x64.ActiveCfg = Release|x64
		{C1F70BA1-D393-405D-B1EE-6B5C59C31FBC}.Release|x64.Build.0 = Release|x64
		{C1F70BA1-D393-405D-B1EE-6B5C59C31FBC}.Release|x86.ActiveCfg = Release|x86
		{C1F70BA1-D393-405D-B1EE-6B5C59C31FBC}.Release|x86.Build.0 = Release|x86
		{A800D9DA-FCA6-4F4D-B00C-76EF451AEC93}.Debug|Any CPU.ActiveCfg = Debug|x86
		{A800D9DA-FCA6-4F4D-B00C-76EF451AEC93}.Debug|ARM.ActiveCfg = Debug|ARM
		{A800D9DA-FCA6-4F4D-B00C-76EF451AEC93}.Debug|ARM.Build.0 = Debug|ARM
		{A800D9DA-FCA6-4F4D-B00C-76EF451AEC93}.Debug|ARM.Deploy.0 = Debug|ARM
		{A800D9DA-FCA6-4F4D-B00C-76EF451AEC93}.Debug|x64.ActiveCfg = Debug|x64
		{A800D9DA-FCA6-4F4D-B00C-76EF451AEC93}.Debug|x64.Build.0 = Debug|x64
		{A800D9DA-FCA6-4F4D-B00C-76EF451AEC93}.Debug|x64.Deploy.0 = Debug|x64
		{A800D9DA-FCA6-4F4D-B00C-76EF451AEC93}.Debug|x86.ActiveCfg = Debug|x86
		{A800D9DA-FCA6-4F4D-B00C-76EF451AEC93}.Debug|x86.Build.0 = Debug|x86
		{A800D9DA-FCA6-4F4D-B00C-76EF451AEC93}.Debug|x86.Deploy.0 = Debug|x86
		{A800D9DA-FCA6-4F4D-B00C-76EF451AEC93}.Release|Any CPU.ActiveCfg = Release|x86
		{A800D9DA-FCA6-4F4D-B00C-76EF451AEC93}.Release|ARM.ActiveCfg = Release|ARM
		{A800D9DA-FCA6-4F4D-B00C-76EF451AEC93}.Release|ARM.Build.0 = Release|ARM
		{A800D9DA-FCA6-4F4D-B00C-76EF451AEC93}.Release|ARM.Deploy.0 = Release|ARM
		{A800D9DA-FCA6-4F4D-B00C-76EF451AEC93}.Release|x64.ActiveCfg = Release|x64
		{A800D9DA-FCA6-4F4D-B00C-76EF451AEC93}.Release|x64.Build.0 = Release|x64
		{A800D9DA-FCA6-4F4D-B00C-76EF451AEC93}.Release|x64.Deploy.0 = Release|x64
		{A800D9DA-FCA6-4F4D-B00C-76EF451AEC93}.Release|x86.ActiveCfg = Release|x86
		{A800D9DA-FCA6-4F4D-B00C-76EF451AEC93}.Release|x86.Build.0 = Release|x86
		{A800D9DA-FCA6-4F4D-B00C-76EF451AEC93}.Release|x86.Deploy.0 = Release|x86
		{09CEA2B7-7F1D-4271-9B23-E60112E40206}.Debug|Any CPU.ActiveCfg = Debug|Any CPU
		{09CEA2B7-7F1D-4271-9B23-E60112E40206}.Debug|Any CPU.Build.0 = Debug|Any CPU
		{09CEA2B7-7F1D-4271-9B23-E60112E40206}.Debug|ARM.ActiveCfg = Debug|Any CPU
		{09CEA2B7-7F1D-4271-9B23-E60112E40206}.Debug|ARM.Build.0 = Debug|Any CPU
		{09CEA2B7-7F1D-4271-9B23-E60112E40206}.Debug|x64.ActiveCfg = Debug|Any CPU
		{09CEA2B7-7F1D-4271-9B23-E60112E40206}.Debug|x64.Build.0 = Debug|Any CPU
		{09CEA2B7-7F1D-4271-9B23-E60112E40206}.Debug|x86.ActiveCfg = Debug|Any CPU
		{09CEA2B7-7F1D-4271-9B23-E60112E40206}.Debug|x86.Build.0 = Debug|Any CPU
		{09CEA2B7-7F1D-4271-9B23-E60112E40206}.Release|Any CPU.ActiveCfg = Release|Any CPU
		{09CEA2B7-7F1D-4271-9B23-E60112E40206}.Release|Any CPU.Build.0 = Release|Any CPU
		{09CEA2B7-7F1D-4271-9B23-E60112E40206}.Release|ARM.ActiveCfg = Release|Any CPU
		{09CEA2B7-7F1D-4271-9B23-E60112E40206}.Release|ARM.Build.0 = Release|Any CPU
		{09CEA2B7-7F1D-4271-9B23-E60112E40206}.Release|x64.ActiveCfg = Release|Any CPU
		{09CEA2B7-7F1D-4271-9B23-E60112E40206}.Release|x64.Build.0 = Release|Any CPU
		{09CEA2B7-7F1D-4271-9B23-E60112E40206}.Release|x86.ActiveCfg = Release|Any CPU
		{09CEA2B7-7F1D-4271-9B23-E60112E40206}.Release|x86.Build.0 = Release|Any CPU
	EndGlobalSection
	GlobalSection(SolutionProperties) = preSolution
		HideSolutionNode = FALSE
	EndGlobalSection
	GlobalSection(NestedProjects) = preSolution
		{7868DE14-D3D3-4845-92D2-A5FDF24CBCBA} = {9600B177-AB00-4E9A-9B9A-126FA66C5DE2}
		{C1F70BA1-D393-405D-B1EE-6B5C59C31FBC} = {9600B177-AB00-4E9A-9B9A-126FA66C5DE2}
		{A800D9DA-FCA6-4F4D-B00C-76EF451AEC93} = {9600B177-AB00-4E9A-9B9A-126FA66C5DE2}
		{09CEA2B7-7F1D-4271-9B23-E60112E40206} = {9600B177-AB00-4E9A-9B9A-126FA66C5DE2}
	EndGlobalSection
EndGlobal
